// !$*UTF8*$!
{
	archiveVersion = 1;
	classes = {
	};
	objectVersion = 77;
	objects = {

/* Begin PBXBuildFile section */
		042BD30E60B4CA6F32D59E6B /* BLETransport.swift in Sources */ = {isa = PBXBuildFile; fileRef = 12E3D281E8ACAB797B0B4C1E /* BLETransport.swift */; };
		2599D48A123D3BA4379EF977 /* AgentTrackerTests.swift in Sources */ = {isa = PBXBuildFile; fileRef = 9AD99CE0598B3589EE999422 /* AgentTrackerTests.swift */; };
		2C5BB4C83A76E7E759105445 /* TransportPicker.swift in Sources */ = {isa = PBXBuildFile; fileRef = 6F3F1C9182116F886FB8B120 /* TransportPicker.swift */; };
		337225C9349B8D76F4F8DE9E /* Assets.xcassets in Resources */ = {isa = PBXBuildFile; fileRef = E60584C10C330F6F460F9924 /* Assets.xcassets */; };
		4BD758ADB04DA4D68EC9DD40 /* TranscriptWatcher.swift in Sources */ = {isa = PBXBuildFile; fileRef = A19EC42F1372E6B78C30685C /* TranscriptWatcher.swift */; };
		50E8221E52416C17A83A2904 /* StateDeriverTests.swift in Sources */ = {isa = PBXBuildFile; fileRef = 3ED75B4AEF8F5AB6CD434A21 /* StateDeriverTests.swift */; };
		5175A1A03056D0A505426A65 /* AgentState.swift in Sources */ = {isa = PBXBuildFile; fileRef = 0B0D27F0463B4A1F10B2D5C1 /* AgentState.swift */; };
		700DEA01E5B526BBF7E0FA60 /* ProtocolBuilder.swift in Sources */ = {isa = PBXBuildFile; fileRef = 3B1A8C89780115C27CFE09B3 /* ProtocolBuilder.swift */; };
		7091BEBF6AE5D91EF57DD67A /* CodexStateDeriver.swift in Sources */ = {isa = PBXBuildFile; fileRef = 281C9D7E3B64FC96D2BB97CC /* CodexStateDeriver.swift */; };
		7472034F6C6FA4B83B2DBD60 /* AgentListView.swift in Sources */ = {isa = PBXBuildFile; fileRef = 68B10ACE3A166BA994784A90 /* AgentListView.swift */; };
		7F35EF508F909ABDA2474B0B /* MenuBarView.swift in Sources */ = {isa = PBXBuildFile; fileRef = 447A0997ABF99A7C359177B4 /* MenuBarView.swift */; };
		87395450A3C4FEEF1A576969 /* UsageStatsFetcher.swift in Sources */ = {isa = PBXBuildFile; fileRef = 24DAB989BF4A571D341A0B4B /* UsageStatsFetcher.swift */; };
		88C2A2DD7F4079054CA9B95E /* StateDeriver.swift in Sources */ = {isa = PBXBuildFile; fileRef = 876E9601100F723B47900912 /* StateDeriver.swift */; };
		9B15ECFDF39C6688DD607275 /* UsageStats.swift in Sources */ = {isa = PBXBuildFile; fileRef = BE6406D0B470CA1C89C4E654 /* UsageStats.swift */; };
		A3F384CFD310446731DDC1FC /* ProtocolBuilderTests.swift in Sources */ = {isa = PBXBuildFile; fileRef = 438D16E699ADC10874038173 /* ProtocolBuilderTests.swift */; };
		AC7A9F39998F241586745104 /* TransportProtocol.swift in Sources */ = {isa = PBXBuildFile; fileRef = F950F5B380DEA1B15DAEBAC2 /* TransportProtocol.swift */; };
		B15B90D0558D63094647B143 /* UsageStatsView.swift in Sources */ = {isa = PBXBuildFile; fileRef = AAFF576CC3F1196D5B117C77 /* UsageStatsView.swift */; };
		B3394C29996D24D752C7BDCB /* ConnectionStatusView.swift in Sources */ = {isa = PBXBuildFile; fileRef = D4728555EDBC5FBC8CC2BB61 /* ConnectionStatusView.swift */; };
		C519DBAC3964322414664A20 /* SerialPortDetector.swift in Sources */ = {isa = PBXBuildFile; fileRef = EC218E39B51EFD9E6F557B50 /* SerialPortDetector.swift */; };
		C607D5C8D59A4FBF1F3CB246 /* AgentTracker.swift in Sources */ = {isa = PBXBuildFile; fileRef = 93A0E18FA070179D39338E51 /* AgentTracker.swift */; };
		C8E50E87E7C2DC8FF983CCD5 /* PixelAgentsApp.swift in Sources */ = {isa = PBXBuildFile; fileRef = 51C69EBBAB869A5C7B4CBCCB /* PixelAgentsApp.swift */; };
		D42C285FD96B02A791B9510E /* ScreenshotService.swift in Sources */ = {isa = PBXBuildFile; fileRef = 6B85FDDFE0320235F5D486A2 /* ScreenshotService.swift */; };
		DC9926EF3720E5BC675F15B8 /* SerialTransport.swift in Sources */ = {isa = PBXBuildFile; fileRef = 6CC06DE2D390A4DE578AE3BC /* SerialTransport.swift */; };
		E52835AE6B92902CC8990D45 /* BridgeService.swift in Sources */ = {isa = PBXBuildFile; fileRef = DCD7F6E2230B60E2B83CB8FF /* BridgeService.swift */; };
/* End PBXBuildFile section */

/* Begin PBXContainerItemProxy section */
		6CE00FB4C2B08564240D9D6F /* PBXContainerItemProxy */ = {
			isa = PBXContainerItemProxy;
			containerPortal = 0B7114ECF86835F71E3A8C9A /* Project object */;
			proxyType = 1;
			remoteGlobalIDString = 0312BCC666B2BD8AA2E8775D;
			remoteInfo = PixelAgents;
		};
/* End PBXContainerItemProxy section */

/* Begin PBXFileReference section */
		0B0D27F0463B4A1F10B2D5C1 /* AgentState.swift */ = {isa = PBXFileReference; lastKnownFileType = sourcecode.swift; path = AgentState.swift; sourceTree = "<group>"; };
		12E3D281E8ACAB797B0B4C1E /* BLETransport.swift */ = {isa = PBXFileReference; lastKnownFileType = sourcecode.swift; path = BLETransport.swift; sourceTree = "<group>"; };
		24DAB989BF4A571D341A0B4B /* UsageStatsFetcher.swift */ = {isa = PBXFileReference; lastKnownFileType = sourcecode.swift; path = UsageStatsFetcher.swift; sourceTree = "<group>"; };
		281C9D7E3B64FC96D2BB97CC /* CodexStateDeriver.swift */ = {isa = PBXFileReference; lastKnownFileType = sourcecode.swift; path = CodexStateDeriver.swift; sourceTree = "<group>"; };
		3B1A8C89780115C27CFE09B3 /* ProtocolBuilder.swift */ = {isa = PBXFileReference; lastKnownFileType = sourcecode.swift; path = ProtocolBuilder.swift; sourceTree = "<group>"; };
		3ED75B4AEF8F5AB6CD434A21 /* StateDeriverTests.swift */ = {isa = PBXFileReference; lastKnownFileType = sourcecode.swift; path = StateDeriverTests.swift; sourceTree = "<group>"; };
		438D16E699ADC10874038173 /* ProtocolBuilderTests.swift */ = {isa = PBXFileReference; lastKnownFileType = sourcecode.swift; path = ProtocolBuilderTests.swift; sourceTree = "<group>"; };
		447A0997ABF99A7C359177B4 /* MenuBarView.swift */ = {isa = PBXFileReference; lastKnownFileType = sourcecode.swift; path = MenuBarView.swift; sourceTree = "<group>"; };
		51C69EBBAB869A5C7B4CBCCB /* PixelAgentsApp.swift */ = {isa = PBXFileReference; lastKnownFileType = sourcecode.swift; path = PixelAgentsApp.swift; sourceTree = "<group>"; };
		68B10ACE3A166BA994784A90 /* AgentListView.swift */ = {isa = PBXFileReference; lastKnownFileType = sourcecode.swift; path = AgentListView.swift; sourceTree = "<group>"; };
		6B85FDDFE0320235F5D486A2 /* ScreenshotService.swift */ = {isa = PBXFileReference; lastKnownFileType = sourcecode.swift; path = ScreenshotService.swift; sourceTree = "<group>"; };
		6CC06DE2D390A4DE578AE3BC /* SerialTransport.swift */ = {isa = PBXFileReference; lastKnownFileType = sourcecode.swift; path = SerialTransport.swift; sourceTree = "<group>"; };
		6F3F1C9182116F886FB8B120 /* TransportPicker.swift */ = {isa = PBXFileReference; lastKnownFileType = sourcecode.swift; path = TransportPicker.swift; sourceTree = "<group>"; };
		876E9601100F723B47900912 /* StateDeriver.swift */ = {isa = PBXFileReference; lastKnownFileType = sourcecode.swift; path = StateDeriver.swift; sourceTree = "<group>"; };
		903BCE8ECE358D3C3B0E3B81 /* Info.plist */ = {isa = PBXFileReference; lastKnownFileType = text.plist; path = Info.plist; sourceTree = "<group>"; };
		93A0E18FA070179D39338E51 /* AgentTracker.swift */ = {isa = PBXFileReference; lastKnownFileType = sourcecode.swift; path = AgentTracker.swift; sourceTree = "<group>"; };
		9AD99CE0598B3589EE999422 /* AgentTrackerTests.swift */ = {isa = PBXFileReference; lastKnownFileType = sourcecode.swift; path = AgentTrackerTests.swift; sourceTree = "<group>"; };
		A19EC42F1372E6B78C30685C /* TranscriptWatcher.swift */ = {isa = PBXFileReference; lastKnownFileType = sourcecode.swift; path = TranscriptWatcher.swift; sourceTree = "<group>"; };
		AAFF576CC3F1196D5B117C77 /* UsageStatsView.swift */ = {isa = PBXFileReference; lastKnownFileType = sourcecode.swift; path = UsageStatsView.swift; sourceTree = "<group>"; };
		BE6406D0B470CA1C89C4E654 /* UsageStats.swift */ = {isa = PBXFileReference; lastKnownFileType = sourcecode.swift; path = UsageStats.swift; sourceTree = "<group>"; };
		D4728555EDBC5FBC8CC2BB61 /* ConnectionStatusView.swift */ = {isa = PBXFileReference; lastKnownFileType = sourcecode.swift; path = ConnectionStatusView.swift; sourceTree = "<group>"; };
		DCD7F6E2230B60E2B83CB8FF /* BridgeService.swift */ = {isa = PBXFileReference; lastKnownFileType = sourcecode.swift; path = BridgeService.swift; sourceTree = "<group>"; };
		E60584C10C330F6F460F9924 /* Assets.xcassets */ = {isa = PBXFileReference; lastKnownFileType = folder.assetcatalog; path = Assets.xcassets; sourceTree = "<group>"; };
		EBCA3A5BA1B7EF117E5B7A06 /* PixelAgentsTests.xctest */ = {isa = PBXFileReference; explicitFileType = wrapper.cfbundle; includeInIndex = 0; path = PixelAgentsTests.xctest; sourceTree = BUILT_PRODUCTS_DIR; };
		EC218E39B51EFD9E6F557B50 /* SerialPortDetector.swift */ = {isa = PBXFileReference; lastKnownFileType = sourcecode.swift; path = SerialPortDetector.swift; sourceTree = "<group>"; };
		F950F5B380DEA1B15DAEBAC2 /* TransportProtocol.swift */ = {isa = PBXFileReference; lastKnownFileType = sourcecode.swift; path = TransportProtocol.swift; sourceTree = "<group>"; };
		FE821364F6C73CB97AD003EF /* PixelAgents.app */ = {isa = PBXFileReference; explicitFileType = wrapper.application; includeInIndex = 0; path = PixelAgents.app; sourceTree = BUILT_PRODUCTS_DIR; };
/* End PBXFileReference section */

/* Begin PBXGroup section */
		27FED626B224AC9146E8B0A0 /* PixelAgents */ = {
			isa = PBXGroup;
			children = (
				E60584C10C330F6F460F9924 /* Assets.xcassets */,
				903BCE8ECE358D3C3B0E3B81 /* Info.plist */,
				51C69EBBAB869A5C7B4CBCCB /* PixelAgentsApp.swift */,
				7378F90B7E2540654A04D4FD /* Model */,
				8F266938D5D52D1F26882078 /* Services */,
				AE659154AE4EA2B61C5165AD /* Transport */,
				88FD01E81DA521FA95D8A1F0 /* Views */,
			);
			path = PixelAgents;
			sourceTree = "<group>";
		};
		3CA976618DF7A1AD4C8279E2 /* Products */ = {
			isa = PBXGroup;
			children = (
				FE821364F6C73CB97AD003EF /* PixelAgents.app */,
				EBCA3A5BA1B7EF117E5B7A06 /* PixelAgentsTests.xctest */,
			);
			name = Products;
			sourceTree = "<group>";
		};
		6838C4EB4477213F3378577B /* PixelAgentsTests */ = {
			isa = PBXGroup;
			children = (
				9AD99CE0598B3589EE999422 /* AgentTrackerTests.swift */,
				438D16E699ADC10874038173 /* ProtocolBuilderTests.swift */,
				3ED75B4AEF8F5AB6CD434A21 /* StateDeriverTests.swift */,
			);
			path = PixelAgentsTests;
			sourceTree = "<group>";
		};
		7378F90B7E2540654A04D4FD /* Model */ = {
			isa = PBXGroup;
			children = (
				0B0D27F0463B4A1F10B2D5C1 /* AgentState.swift */,
				93A0E18FA070179D39338E51 /* AgentTracker.swift */,
				281C9D7E3B64FC96D2BB97CC /* CodexStateDeriver.swift */,
				3B1A8C89780115C27CFE09B3 /* ProtocolBuilder.swift */,
				876E9601100F723B47900912 /* StateDeriver.swift */,
				A19EC42F1372E6B78C30685C /* TranscriptWatcher.swift */,
				BE6406D0B470CA1C89C4E654 /* UsageStats.swift */,
			);
			path = Model;
			sourceTree = "<group>";
		};
		88FD01E81DA521FA95D8A1F0 /* Views */ = {
			isa = PBXGroup;
			children = (
				68B10ACE3A166BA994784A90 /* AgentListView.swift */,
				D4728555EDBC5FBC8CC2BB61 /* ConnectionStatusView.swift */,
				447A0997ABF99A7C359177B4 /* MenuBarView.swift */,
				6F3F1C9182116F886FB8B120 /* TransportPicker.swift */,
				AAFF576CC3F1196D5B117C77 /* UsageStatsView.swift */,
			);
			path = Views;
			sourceTree = "<group>";
		};
		8F266938D5D52D1F26882078 /* Services */ = {
			isa = PBXGroup;
			children = (
				DCD7F6E2230B60E2B83CB8FF /* BridgeService.swift */,
				6B85FDDFE0320235F5D486A2 /* ScreenshotService.swift */,
				24DAB989BF4A571D341A0B4B /* UsageStatsFetcher.swift */,
			);
			path = Services;
			sourceTree = "<group>";
		};
		AE659154AE4EA2B61C5165AD /* Transport */ = {
			isa = PBXGroup;
			children = (
				12E3D281E8ACAB797B0B4C1E /* BLETransport.swift */,
				EC218E39B51EFD9E6F557B50 /* SerialPortDetector.swift */,
				6CC06DE2D390A4DE578AE3BC /* SerialTransport.swift */,
				F950F5B380DEA1B15DAEBAC2 /* TransportProtocol.swift */,
			);
			path = Transport;
			sourceTree = "<group>";
		};
		B13879E6511E61815370E790 = {
			isa = PBXGroup;
			children = (
				27FED626B224AC9146E8B0A0 /* PixelAgents */,
				6838C4EB4477213F3378577B /* PixelAgentsTests */,
				3CA976618DF7A1AD4C8279E2 /* Products */,
			);
			sourceTree = "<group>";
		};
/* End PBXGroup section */

/* Begin PBXNativeTarget section */
		0312BCC666B2BD8AA2E8775D /* PixelAgents */ = {
			isa = PBXNativeTarget;
			buildConfigurationList = E6BD08867B228A18F4397523 /* Build configuration list for PBXNativeTarget "PixelAgents" */;
			buildPhases = (
				48F395825B098EE7DA2BEE19 /* Sources */,
				AEC8837C97ABE29DB54EB3C4 /* Resources */,
			);
			buildRules = (
			);
			dependencies = (
			);
			name = PixelAgents;
			packageProductDependencies = (
			);
			productName = PixelAgents;
			productReference = FE821364F6C73CB97AD003EF /* PixelAgents.app */;
			productType = "com.apple.product-type.application";
		};
		65558C34212E0268393A0A13 /* PixelAgentsTests */ = {
			isa = PBXNativeTarget;
			buildConfigurationList = 3DFF11A64D02C291BAB3F348 /* Build configuration list for PBXNativeTarget "PixelAgentsTests" */;
			buildPhases = (
				A6F9D71B4F79D8FF2055821D /* Sources */,
			);
			buildRules = (
			);
			dependencies = (
				98F688E5C6735F5BD82954E5 /* PBXTargetDependency */,
			);
			name = PixelAgentsTests;
			packageProductDependencies = (
			);
			productName = PixelAgentsTests;
			productReference = EBCA3A5BA1B7EF117E5B7A06 /* PixelAgentsTests.xctest */;
			productType = "com.apple.product-type.bundle.unit-test";
		};
/* End PBXNativeTarget section */

/* Begin PBXProject section */
		0B7114ECF86835F71E3A8C9A /* Project object */ = {
			isa = PBXProject;
			attributes = {
				BuildIndependentTargetsInParallel = YES;
				LastUpgradeCheck = 1600;
				TargetAttributes = {
				};
			};
			buildConfigurationList = D026DF52C35BE61ED18638FD /* Build configuration list for PBXProject "PixelAgents" */;
			developmentRegion = en;
			hasScannedForEncodings = 0;
			knownRegions = (
				Base,
				en,
			);
			mainGroup = B13879E6511E61815370E790;
			minimizedProjectReferenceProxies = 1;
			preferredProjectObjectVersion = 77;
			productRefGroup = 3CA976618DF7A1AD4C8279E2 /* Products */;
			projectDirPath = "";
			projectRoot = "";
			targets = (
				0312BCC666B2BD8AA2E8775D /* PixelAgents */,
				65558C34212E0268393A0A13 /* PixelAgentsTests */,
			);
		};
/* End PBXProject section */

/* Begin PBXResourcesBuildPhase section */
		AEC8837C97ABE29DB54EB3C4 /* Resources */ = {
			isa = PBXResourcesBuildPhase;
			buildActionMask = 2147483647;
			files = (
				337225C9349B8D76F4F8DE9E /* Assets.xcassets in Resources */,
			);
			runOnlyForDeploymentPostprocessing = 0;
		};
/* End PBXResourcesBuildPhase section */

/* Begin PBXSourcesBuildPhase section */
		48F395825B098EE7DA2BEE19 /* Sources */ = {
			isa = PBXSourcesBuildPhase;
			buildActionMask = 2147483647;
			files = (
				7472034F6C6FA4B83B2DBD60 /* AgentListView.swift in Sources */,
				5175A1A03056D0A505426A65 /* AgentState.swift in Sources */,
				C607D5C8D59A4FBF1F3CB246 /* AgentTracker.swift in Sources */,
				042BD30E60B4CA6F32D59E6B /* BLETransport.swift in Sources */,
				E52835AE6B92902CC8990D45 /* BridgeService.swift in Sources */,
				7091BEBF6AE5D91EF57DD67A /* CodexStateDeriver.swift in Sources */,
				B3394C29996D24D752C7BDCB /* ConnectionStatusView.swift in Sources */,
				7F35EF508F909ABDA2474B0B /* MenuBarView.swift in Sources */,
				C8E50E87E7C2DC8FF983CCD5 /* PixelAgentsApp.swift in Sources */,
				700DEA01E5B526BBF7E0FA60 /* ProtocolBuilder.swift in Sources */,
				D42C285FD96B02A791B9510E /* ScreenshotService.swift in Sources */,
				C519DBAC3964322414664A20 /* SerialPortDetector.swift in Sources */,
				DC9926EF3720E5BC675F15B8 /* SerialTransport.swift in Sources */,
				88C2A2DD7F4079054CA9B95E /* StateDeriver.swift in Sources */,
				4BD758ADB04DA4D68EC9DD40 /* TranscriptWatcher.swift in Sources */,
				2C5BB4C83A76E7E759105445 /* TransportPicker.swift in Sources */,
				AC7A9F39998F241586745104 /* TransportProtocol.swift in Sources */,
				9B15ECFDF39C6688DD607275 /* UsageStats.swift in Sources */,
				87395450A3C4FEEF1A576969 /* UsageStatsFetcher.swift in Sources */,
				B15B90D0558D63094647B143 /* UsageStatsView.swift in Sources */,
			);
			runOnlyForDeploymentPostprocessing = 0;
		};
		A6F9D71B4F79D8FF2055821D /* Sources */ = {
			isa = PBXSourcesBuildPhase;
			buildActionMask = 2147483647;
			files = (
				2599D48A123D3BA4379EF977 /* AgentTrackerTests.swift in Sources */,
				A3F384CFD310446731DDC1FC /* ProtocolBuilderTests.swift in Sources */,
				50E8221E52416C17A83A2904 /* StateDeriverTests.swift in Sources */,
			);
			runOnlyForDeploymentPostprocessing = 0;
		};
/* End PBXSourcesBuildPhase section */

/* Begin PBXTargetDependency section */
		98F688E5C6735F5BD82954E5 /* PBXTargetDependency */ = {
			isa = PBXTargetDependency;
			target = 0312BCC666B2BD8AA2E8775D /* PixelAgents */;
			targetProxy = 6CE00FB4C2B08564240D9D6F /* PBXContainerItemProxy */;
		};
/* End PBXTargetDependency section */

/* Begin XCBuildConfiguration section */
		24032326C9B838597F280F0B /* Debug */ = {
			isa = XCBuildConfiguration;
			buildSettings = {
				ALWAYS_SEARCH_USER_PATHS = NO;
				CLANG_ANALYZER_NONNULL = YES;
				CLANG_ANALYZER_NUMBER_OBJECT_CONVERSION = YES_AGGRESSIVE;
				CLANG_CXX_LANGUAGE_STANDARD = "gnu++14";
				CLANG_CXX_LIBRARY = "libc++";
				CLANG_ENABLE_MODULES = YES;
				CLANG_ENABLE_OBJC_ARC = YES;
				CLANG_ENABLE_OBJC_WEAK = YES;
				CLANG_WARN_BLOCK_CAPTURE_AUTORELEASING = YES;
				CLANG_WARN_BOOL_CONVERSION = YES;
				CLANG_WARN_COMMA = YES;
				CLANG_WARN_CONSTANT_CONVERSION = YES;
				CLANG_WARN_DEPRECATED_OBJC_IMPLEMENTATIONS = YES;
				CLANG_WARN_DIRECT_OBJC_ISA_USAGE = YES_ERROR;
				CLANG_WARN_DOCUMENTATION_COMMENTS = YES;
				CLANG_WARN_EMPTY_BODY = YES;
				CLANG_WARN_ENUM_CONVERSION = YES;
				CLANG_WARN_INFINITE_RECURSION = YES;
				CLANG_WARN_INT_CONVERSION = YES;
				CLANG_WARN_NON_LITERAL_NULL_CONVERSION = YES;
				CLANG_WARN_OBJC_IMPLICIT_RETAIN_SELF = YES;
				CLANG_WARN_OBJC_LITERAL_CONVERSION = YES;
				CLANG_WARN_OBJC_ROOT_CLASS = YES_ERROR;
				CLANG_WARN_QUOTED_INCLUDE_IN_FRAMEWORK_HEADER = YES;
				CLANG_WARN_RANGE_LOOP_ANALYSIS = YES;
				CLANG_WARN_STRICT_PROTOTYPES = YES;
				CLANG_WARN_SUSPICIOUS_MOVE = YES;
				CLANG_WARN_UNGUARDED_AVAILABILITY = YES_AGGRESSIVE;
				CLANG_WARN_UNREACHABLE_CODE = YES;
				CLANG_WARN__DUPLICATE_METHOD_MATCH = YES;
				COPY_PHASE_STRIP = NO;
				DEBUG_INFORMATION_FORMAT = dwarf;
				ENABLE_STRICT_OBJC_MSGSEND = YES;
				ENABLE_TESTABILITY = YES;
				GCC_C_LANGUAGE_STANDARD = gnu11;
				GCC_DYNAMIC_NO_PIC = NO;
				GCC_NO_COMMON_BLOCKS = YES;
				GCC_OPTIMIZATION_LEVEL = 0;
				GCC_PREPROCESSOR_DEFINITIONS = (
					"$(inherited)",
					"DEBUG=1",
				);
				GCC_WARN_64_TO_32_BIT_CONVERSION = YES;
				GCC_WARN_ABOUT_RETURN_TYPE = YES_ERROR;
				GCC_WARN_UNDECLARED_SELECTOR = YES;
				GCC_WARN_UNINITIALIZED_AUTOS = YES_AGGRESSIVE;
				GCC_WARN_UNUSED_FUNCTION = YES;
				GCC_WARN_UNUSED_VARIABLE = YES;
				MACOSX_DEPLOYMENT_TARGET = 13.0;
				MTL_ENABLE_DEBUG_INFO = INCLUDE_SOURCE;
				MTL_FAST_MATH = YES;
				ONLY_ACTIVE_ARCH = YES;
				PRODUCT_NAME = "$(TARGET_NAME)";
				SDKROOT = macosx;
				SWIFT_ACTIVE_COMPILATION_CONDITIONS = DEBUG;
				SWIFT_OPTIMIZATION_LEVEL = "-Onone";
				SWIFT_VERSION = 5.9;
			};
			name = Debug;
		};
		3BB3527AA533CE36E36A22E5 /* Release */ = {
			isa = XCBuildConfiguration;
			buildSettings = {
				ALWAYS_SEARCH_USER_PATHS = NO;
				CLANG_ANALYZER_NONNULL = YES;
				CLANG_ANALYZER_NUMBER_OBJECT_CONVERSION = YES_AGGRESSIVE;
				CLANG_CXX_LANGUAGE_STANDARD = "gnu++14";
				CLANG_CXX_LIBRARY = "libc++";
				CLANG_ENABLE_MODULES = YES;
				CLANG_ENABLE_OBJC_ARC = YES;
				CLANG_ENABLE_OBJC_WEAK = YES;
				CLANG_WARN_BLOCK_CAPTURE_AUTORELEASING = YES;
				CLANG_WARN_BOOL_CONVERSION = YES;
				CLANG_WARN_COMMA = YES;
				CLANG_WARN_CONSTANT_CONVERSION = YES;
				CLANG_WARN_DEPRECATED_OBJC_IMPLEMENTATIONS = YES;
				CLANG_WARN_DIRECT_OBJC_ISA_USAGE = YES_ERROR;
				CLANG_WARN_DOCUMENTATION_COMMENTS = YES;
				CLANG_WARN_EMPTY_BODY = YES;
				CLANG_WARN_ENUM_CONVERSION = YES;
				CLANG_WARN_INFINITE_RECURSION = YES;
				CLANG_WARN_INT_CONVERSION = YES;
				CLANG_WARN_NON_LITERAL_NULL_CONVERSION = YES;
				CLANG_WARN_OBJC_IMPLICIT_RETAIN_SELF = YES;
				CLANG_WARN_OBJC_LITERAL_CONVERSION = YES;
				CLANG_WARN_OBJC_ROOT_CLASS = YES_ERROR;
				CLANG_WARN_QUOTED_INCLUDE_IN_FRAMEWORK_HEADER = YES;
				CLANG_WARN_RANGE_LOOP_ANALYSIS = YES;
				CLANG_WARN_STRICT_PROTOTYPES = YES;
				CLANG_WARN_SUSPICIOUS_MOVE = YES;
				CLANG_WARN_UNGUARDED_AVAILABILITY = YES_AGGRESSIVE;
				CLANG_WARN_UNREACHABLE_CODE = YES;
				CLANG_WARN__DUPLICATE_METHOD_MATCH = YES;
				COPY_PHASE_STRIP = NO;
				DEBUG_INFORMATION_FORMAT = "dwarf-with-dsym";
				ENABLE_NS_ASSERTIONS = NO;
				ENABLE_STRICT_OBJC_MSGSEND = YES;
				GCC_C_LANGUAGE_STANDARD = gnu11;
				GCC_NO_COMMON_BLOCKS = YES;
				GCC_WARN_64_TO_32_BIT_CONVERSION = YES;
				GCC_WARN_ABOUT_RETURN_TYPE = YES_ERROR;
				GCC_WARN_UNDECLARED_SELECTOR = YES;
				GCC_WARN_UNINITIALIZED_AUTOS = YES_AGGRESSIVE;
				GCC_WARN_UNUSED_FUNCTION = YES;
				GCC_WARN_UNUSED_VARIABLE = YES;
				MACOSX_DEPLOYMENT_TARGET = 13.0;
				MTL_ENABLE_DEBUG_INFO = NO;
				MTL_FAST_MATH = YES;
				PRODUCT_NAME = "$(TARGET_NAME)";
				SDKROOT = macosx;
				SWIFT_COMPILATION_MODE = wholemodule;
				SWIFT_OPTIMIZATION_LEVEL = "-O";
				SWIFT_VERSION = 5.9;
			};
			name = Release;
		};
		41116ADE24542642247BC1EC /* Release */ = {
			isa = XCBuildConfiguration;
			buildSettings = {
				ASSETCATALOG_COMPILER_APPICON_NAME = AppIcon;
				CODE_SIGN_ENTITLEMENTS = PixelAgents/PixelAgents.entitlements;
				COMBINE_HIDPI_IMAGES = YES;
				CURRENT_PROJECT_VERSION = 1;
				ENABLE_HARDENED_RUNTIME = YES;
				GENERATE_INFOPLIST_FILE = NO;
				INFOPLIST_FILE = PixelAgents/Info.plist;
				LD_RUNPATH_SEARCH_PATHS = (
					"$(inherited)",
					"@executable_path/../Frameworks",
				);
				MARKETING_VERSION = 1.0.0;
				PRODUCT_BUNDLE_IDENTIFIER = com.pixelagents.companion;
				PRODUCT_NAME = PixelAgents;
				SDKROOT = macosx;
			};
			name = Release;
		};
		7C558218A44A094E43C40DF9 /* Release */ = {
			isa = XCBuildConfiguration;
			buildSettings = {
				BUNDLE_LOADER = "$(TEST_HOST)";
				COMBINE_HIDPI_IMAGES = YES;
				GENERATE_INFOPLIST_FILE = YES;
				LD_RUNPATH_SEARCH_PATHS = (
					"$(inherited)",
					"@executable_path/../Frameworks",
					"@loader_path/../Frameworks",
				);
				PRODUCT_BUNDLE_IDENTIFIER = com.pixelagents.companion.tests;
				SDKROOT = macosx;
				TEST_HOST = "$(BUILT_PRODUCTS_DIR)/PixelAgents.app/Contents/MacOS/PixelAgents";
			};
			name = Release;
		};
		A54415C01FEB410176480D74 /* Debug */ = {
			isa = XCBuildConfiguration;
			buildSettings = {
				BUNDLE_LOADER = "$(TEST_HOST)";
				COMBINE_HIDPI_IMAGES = YES;
				GENERATE_INFOPLIST_FILE = YES;
				LD_RUNPATH_SEARCH_PATHS = (
					"$(inherited)",
					"@executable_path/../Frameworks",
					"@loader_path/../Frameworks",
				);
				PRODUCT_BUNDLE_IDENTIFIER = com.pixelagents.companion.tests;
				SDKROOT = macosx;
				TEST_HOST = "$(BUILT_PRODUCTS_DIR)/PixelAgents.app/Contents/MacOS/PixelAgents";
			};
			name = Debug;
		};
		C712E4939DC5FAE453AFBCA2 /* Debug */ = {
			isa = XCBuildConfiguration;
			buildSettings = {
				ASSETCATALOG_COMPILER_APPICON_NAME = AppIcon;
				CODE_SIGN_ENTITLEMENTS = PixelAgents/PixelAgents.entitlements;
				COMBINE_HIDPI_IMAGES = YES;
				CURRENT_PROJECT_VERSION = 1;
				ENABLE_HARDENED_RUNTIME = YES;
				GENERATE_INFOPLIST_FILE = NO;
				INFOPLIST_FILE = PixelAgents/Info.plist;
				LD_RUNPATH_SEARCH_PATHS = (
					"$(inherited)",
					"@executable_path/../Frameworks",
				);
				MARKETING_VERSION = 1.0.0;
				PRODUCT_BUNDLE_IDENTIFIER = com.pixelagents.companion;
				PRODUCT_NAME = PixelAgents;
				SDKROOT = macosx;
			};
			name = Debug;
		};
/* End XCBuildConfiguration section */

/* Begin XCConfigurationList section */
		3DFF11A64D02C291BAB3F348 /* Build configuration list for PBXNativeTarget "PixelAgentsTests" */ = {
			isa = XCConfigurationList;
			buildConfigurations = (
				A54415C01FEB410176480D74 /* Debug */,
				7C558218A44A094E43C40DF9 /* Release */,
			);
			defaultConfigurationIsVisible = 0;
			defaultConfigurationName = Debug;
		};
		D026DF52C35BE61ED18638FD /* Build configuration list for PBXProject "PixelAgents" */ = {
			isa = XCConfigurationList;
			buildConfigurations = (
				24032326C9B838597F280F0B /* Debug */,
				3BB3527AA533CE36E36A22E5 /* Release */,
			);
			defaultConfigurationIsVisible = 0;
			defaultConfigurationName = Debug;
		};
		E6BD08867B228A18F4397523 /* Build configuration list for PBXNativeTarget "PixelAgents" */ = {
			isa = XCConfigurationList;
			buildConfigurations = (
				C712E4939DC5FAE453AFBCA2 /* Debug */,
				41116ADE24542642247BC1EC /* Release */,
			);
			defaultConfigurationIsVisible = 0;
			defaultConfigurationName = Debug;
		};
/* End XCConfigurationList section */
	};
	rootObject = 0B7114ECF86835F71E3A8C9A /* Project object */;
}
